
Microsoft Visual Studio Solution File, Format Version 12.00
# Visual Studio Version 17
VisualStudioVersion = 17.10.35013.160
MinimumVisualStudioVersion = 10.0.40219.1
Project("{9A19103F-16F7-4668-BE54-9A1E7A4F7556}") = "Chat.Domain", "Chat.Domain\Chat.Domain.csproj", "{65FCE029-32AA-4736-882F-1BE5DF6264EE}"
EndProject
Project("{9A19103F-16F7-4668-BE54-9A1E7A4F7556}") = "Chat.Application", "Chat.Application\Chat.Application.csproj", "{45339484-3D72-4533-A165-4E2B5A48B992}"
EndProject
Project("{9A19103F-16F7-4668-BE54-9A1E7A4F7556}") = "Chat.Infrastructure", "Chat.Infrastructure\Chat.Infrastructure.csproj", "{09E5C2F6-EB65-4E2F-90EA-48D7F3523437}"
EndProject
Project("{9A19103F-16F7-4668-BE54-9A1E7A4F7556}") = "Chat.Api", "Chat.Api\Chat.Api.csproj", "{251D4CFD-698C-4EE1-9AEC-720E8E89CF55}"
EndProject
Project("{9A19103F-16F7-4668-BE54-9A1E7A4F7556}") = "Chat.Presentation", "Chat.Presentation\Chat.Presentation.csproj", "{D39B05B0-13D4-433B-8D10-912E35A84C87}"
EndProject
Project("{FAE04EC0-301F-11D3-BF4B-00C04F79EFBC}") = "Chat.Tests", "Chat.Tests\Chat.Tests.csproj", "{2AF90715-A2F9-4C53-BBB2-1B5D42E0EF7A}"
EndProject
Global
	GlobalSection(SolutionConfigurationPlatforms) = preSolution
		Debug|Any CPU = Debug|Any CPU
		Release|Any CPU = Release|Any CPU
	EndGlobalSection
	GlobalSection(ProjectConfigurationPlatforms) = postSolution
		{65FCE029-32AA-4736-882F-1BE5DF6264EE}.Debug|Any CPU.ActiveCfg = Debug|Any CPU
		{65FCE029-32AA-4736-882F-1BE5DF6264EE}.Debug|Any CPU.Build.0 = Debug|Any CPU
		{65FCE029-32AA-4736-882F-1BE5DF6264EE}.Release|Any CPU.ActiveCfg = Release|Any CPU
		{65FCE029-32AA-4736-882F-1BE5DF6264EE}.Release|Any CPU.Build.0 = Release|Any CPU
		{45339484-3D72-4533-A165-4E2B5A48B992}.Debug|Any CPU.ActiveCfg = Debug|Any CPU
		{45339484-3D72-4533-A165-4E2B5A48B992}.Debug|Any CPU.Build.0 = Debug|Any CPU
		{45339484-3D72-4533-A165-4E2B5A48B992}.Release|Any CPU.ActiveCfg = Release|Any CPU
		{45339484-3D72-4533-A165-4E2B5A48B992}.Release|Any CPU.Build.0 = Release|Any CPU
		{09E5C2F6-EB65-4E2F-90EA-48D7F3523437}.Debug|Any CPU.ActiveCfg = Debug|Any CPU
		{09E5C2F6-EB65-4E2F-90EA-48D7F3523437}.Debug|Any CPU.Build.0 = Debug|Any CPU
		{09E5C2F6-EB65-4E2F-90EA-48D7F3523437}.Release|Any CPU.ActiveCfg = Release|Any CPU
		{09E5C2F6-EB65-4E2F-90EA-48D7F3523437}.Release|Any CPU.Build.0 = Release|Any CPU
		{251D4CFD-698C-4EE1-9AEC-720E8E89CF55}.Debug|Any CPU.ActiveCfg = Debug|Any CPU
		{251D4CFD-698C-4EE1-9AEC-720E8E89CF55}.Debug|Any CPU.Build.0 = Debug|Any CPU
		{251D4CFD-698C-4EE1-9AEC-720E8E89CF55}.Release|Any CPU.ActiveCfg = Release|Any CPU
		{251D4CFD-698C-4EE1-9AEC-720E8E89CF55}.Release|Any CPU.Build.0 = Release|Any CPU
		{D39B05B0-13D4-433B-8D10-912E35A84C87}.Debug|Any CPU.ActiveCfg = Debug|Any CPU
		{D39B05B0-13D4-433B-8D10-912E35A84C87}.Debug|Any CPU.Build.0 = Debug|Any CPU
		{D39B05B0-13D4-433B-8D10-912E35A84C87}.Release|Any CPU.ActiveCfg = Release|Any CPU
		{D39B05B0-13D4-433B-8D10-912E35A84C87}.Release|Any CPU.Build.0 = Release|Any CPU
		{2AF90715-A2F9-4C53-BBB2-1B5D42E0EF7A}.Debug|Any CPU.ActiveCfg = Debug|Any CPU
		{2AF90715-A2F9-4C53-BBB2-1B5D42E0EF7A}.Debug|Any CPU.Build.0 = Debug|Any CPU
		{2AF90715-A2F9-4C53-BBB2-1B5D42E0EF7A}.Release|Any CPU.ActiveCfg = Release|Any CPU
		{2AF90715-A2F9-4C53-BBB2-1B5D42E0EF7A}.Release|Any CPU.Build.0 = Release|Any CPU
	EndGlobalSection
	GlobalSection(SolutionProperties) = preSolution
		HideSolutionNode = FALSE
	EndGlobalSection
	GlobalSection(ExtensibilityGlobals) = postSolution
		SolutionGuid = {2D2634FF-1A57-4DD6-9CD3-7D13597DCDEB}
	EndGlobalSection
EndGlobal
